
Microsoft Visual Studio Solution File, Format Version 12.00
# Visual Studio Version 17
VisualStudioVersion = 17.11.35219.272
MinimumVisualStudioVersion = 10.0.40219.1
Project("{FAE04EC0-301F-11D3-BF4B-00C04F79EFBC}") = "Practico1", "Practico1\Practico1.csproj", "{35D131D7-AB40-476C-A1B9-AC03DBDB128D}"
EndProject
Global
	GlobalSection(SolutionConfigurationPlatforms) = preSolution
		Debug|Any CPU = Debug|Any CPU
		Release|Any CPU = Release|Any CPU
	EndGlobalSection
	GlobalSection(ProjectConfigurationPlatforms) = postSolution
		{35D131D7-AB40-476C-A1B9-AC03DBDB128D}.Debug|Any CPU.ActiveCfg = Debug|Any CPU
		{35D131D7-AB40-476C-A1B9-AC03DBDB128D}.Debug|Any CPU.Build.0 = Debug|Any CPU
		{35D131D7-AB40-476C-A1B9-AC03DBDB128D}.Release|Any CPU.ActiveCfg = Release|Any CPU
		{35D131D7-AB40-476C-A1B9-AC03DBDB128D}.Release|Any CPU.Build.0 = Release|Any CPU
	EndGlobalSection
	GlobalSection(SolutionProperties) = preSolution
		HideSolutionNode = FALSE
	EndGlobalSection
	GlobalSection(ExtensibilityGlobals) = postSolution
		SolutionGuid = {77A00F7E-5154-4523-9494-6DF13F2A80BB}
	EndGlobalSection
EndGlobal
